{
  "name": "hw_cryptofolio",
  "version": "1.0.0",
  "lockfileVersion": 1,
  "requires": true,
  "dependencies": {
    "bulma": {
      "version": "0.7.1",
      "resolved": "https://registry.npmjs.org/bulma/-/bulma-0.7.1.tgz",
      "integrity": "sha512-wRSO2LXB+qI9Pyz2id+uZr4quz5aftSN7Ay1ysr1+krzVp3utD+Ci4CeKuZdrYGc800t65b7heXBL6qw2Wo/lQ=="
    },
    "crypto-price": {
      "version": "0.0.6",
      "resolved": "https://registry.npmjs.org/crypto-price/-/crypto-price-0.0.6.tgz",
      "integrity": "sha512-GQFAnyUxS/NsEB9NyqNIvFn3to/bJR3BtNBK3+qNUL6EHUd1UM3z3wo83SaABpgjj2RTpSheRIXtUWwTsJqmig==",
      "requires": {
        "node-fetch": ">=2.6.1"
      }
    },
    "node-fetch": {
      "node-fetch": ">=2.6.1",
      "resolved": "https://registry.npmjs.org/node-fetch/-/node-fetch-2.2.0.tgz",
      "integrity": "sha512-OayFWziIxiHY8bCUyLX6sTpDH8Jsbp4FfYd1j1f7vZyfgkcOnAyM4oQR16f8a0s7Gl/viMGRey8eScYk4V4EZA=="
    },
    "xmlhttprequest": {
      "version": "1.8.0",
      "resolved": "https://registry.npmjs.org/xmlhttprequest/-/xmlhttprequest-1.8.0.tgz",
      "integrity": "sha1-Z/4HXFwk/vOfnWX197f+dRcZaPw="
    }
  }
}
